
Microsoft Visual Studio Solution File, Format Version 12.00
# Visual Studio 15
VisualStudioVersion = 15.0.27130.2027
MinimumVisualStudioVersion = 10.0.40219.1
Project("{9A19103F-16F7-4668-BE54-9A1E7A4F7556}") = "PrimeDNS", "PrimeDNS\PrimeDNS.csproj", "{EB8F1C6A-5F72-4930-A7EC-A33364964075}"
EndProject
Project("{FAE04EC0-301F-11D3-BF4B-00C04F79EFBC}") = "PrimeDNS.Tests", "PrimeDNS.Tests\PrimeDNS.Tests.csproj", "{0CF92F8A-7EF5-45F3-941E-3805D99387FA}"
EndProject
Global
	GlobalSection(SolutionConfigurationPlatforms) = preSolution
		Debug|Any CPU = Debug|Any CPU
		Release|Any CPU = Release|Any CPU
	EndGlobalSection
	GlobalSection(ProjectConfigurationPlatforms) = postSolution
		{EB8F1C6A-5F72-4930-A7EC-A33364964075}.Debug|Any CPU.ActiveCfg = Debug|Any CPU
		{EB8F1C6A-5F72-4930-A7EC-A33364964075}.Debug|Any CPU.Build.0 = Debug|Any CPU
		{EB8F1C6A-5F72-4930-A7EC-A33364964075}.Release|Any CPU.ActiveCfg = Release|Any CPU
		{EB8F1C6A-5F72-4930-A7EC-A33364964075}.Release|Any CPU.Build.0 = Release|Any CPU
		{0CF92F8A-7EF5-45F3-941E-3805D99387FA}.Debug|Any CPU.ActiveCfg = Debug|Any CPU
		{0CF92F8A-7EF5-45F3-941E-3805D99387FA}.Debug|Any CPU.Build.0 = Debug|Any CPU
		{0CF92F8A-7EF5-45F3-941E-3805D99387FA}.Release|Any CPU.ActiveCfg = Release|Any CPU
		{0CF92F8A-7EF5-45F3-941E-3805D99387FA}.Release|Any CPU.Build.0 = Release|Any CPU
	EndGlobalSection
	GlobalSection(SolutionProperties) = preSolution
		HideSolutionNode = FALSE
	EndGlobalSection
	GlobalSection(ExtensibilityGlobals) = postSolution
		SolutionGuid = {EDE63BE7-BBBD-4F14-A294-1FFE569D708B}
	EndGlobalSection
EndGlobal
